
Microsoft Visual Studio Solution File, Format Version 12.00
# Visual Studio Version 16
VisualStudioVersion = 16.0.34407.143
MinimumVisualStudioVersion = 10.0.40219.1
Project("{9092AA53-FB77-4645-B42D-1CCCA6BD08BD}") = "BrowserSearch", "BrowserSearch\BrowserSearch.njsproj", "{E78D9399-82AE-4471-903A-668DFEC9A63E}"
EndProject
Global
	GlobalSection(SolutionConfigurationPlatforms) = preSolution
		Debug|Any CPU = Debug|Any CPU
		Release|Any CPU = Release|Any CPU
	EndGlobalSection
	GlobalSection(ProjectConfigurationPlatforms) = postSolution
		{E78D9399-82AE-4471-903A-668DFEC9A63E}.Debug|Any CPU.ActiveCfg = Debug|Any CPU
		{E78D9399-82AE-4471-903A-668DFEC9A63E}.Debug|Any CPU.Build.0 = Debug|Any CPU
		{E78D9399-82AE-4471-903A-668DFEC9A63E}.Release|Any CPU.ActiveCfg = Release|Any CPU
		{E78D9399-82AE-4471-903A-668DFEC9A63E}.Release|Any CPU.Build.0 = Release|Any CPU
	EndGlobalSection
	GlobalSection(SolutionProperties) = preSolution
		HideSolutionNode = FALSE
	EndGlobalSection
	GlobalSection(ExtensibilityGlobals) = postSolution
		SolutionGuid = {F7CADE99-AE43-4BDA-AD8A-E5D0CAE2B57A}
	EndGlobalSection
EndGlobal
